
Microsoft Visual Studio Solution File, Format Version 12.00
# Visual Studio 15
Project("{FAE04EC0-301F-11D3-BF4B-00C04F79EFBC}") = "Assembly-CSharp-Editor", "Assembly-CSharp-Editor.csproj", "{9DF1CB15-62EF-E956-8EE0-932A8863F65F}"
EndProject
Project("{FAE04EC0-301F-11D3-BF4B-00C04F79EFBC}") = "Assembly-CSharp", "Assembly-CSharp.csproj", "{15A78B19-752B-14E7-E9E2-31E5C18AD31F}"
EndProject
Global
	GlobalSection(SolutionConfigurationPlatforms) = preSolution
		Debug|Any CPU = Debug|Any CPU
		Release|Any CPU = Release|Any CPU
	EndGlobalSection
	GlobalSection(ProjectConfigurationPlatforms) = postSolution
		{9DF1CB15-62EF-E956-8EE0-932A8863F65F}.Debug|Any CPU.ActiveCfg = Debug|Any CPU
		{9DF1CB15-62EF-E956-8EE0-932A8863F65F}.Debug|Any CPU.Build.0 = Debug|Any CPU
		{9DF1CB15-62EF-E956-8EE0-932A8863F65F}.Release|Any CPU.ActiveCfg = Release|Any CPU
		{9DF1CB15-62EF-E956-8EE0-932A8863F65F}.Release|Any CPU.Build.0 = Release|Any CPU
		{15A78B19-752B-14E7-E9E2-31E5C18AD31F}.Debug|Any CPU.ActiveCfg = Debug|Any CPU
		{15A78B19-752B-14E7-E9E2-31E5C18AD31F}.Debug|Any CPU.Build.0 = Debug|Any CPU
		{15A78B19-752B-14E7-E9E2-31E5C18AD31F}.Release|Any CPU.ActiveCfg = Release|Any CPU
		{15A78B19-752B-14E7-E9E2-31E5C18AD31F}.Release|Any CPU.Build.0 = Release|Any CPU
	EndGlobalSection
	GlobalSection(SolutionProperties) = preSolution
		HideSolutionNode = FALSE
	EndGlobalSection
EndGlobal
